{
  "name": "@xshady/altv-decorators-client",
  "version": "0.0.1",
  "lockfileVersion": 1,
  "requires": true,
  "dependencies": {
    "@altv/types-client": {
      "version": "1.7.5",
      "resolved": "https://registry.npmjs.org/@altv/types-client/-/types-client-1.7.5.tgz",
      "integrity": "sha512-Pa+09Hr7Urhw/5VbzbEpLJdN1Sp3ct4EP9oXWFCmlOPEoEmMA2T3TIBwCMsxxfWSG/th6BblFBAbgzwA3RW2YA=="
    },
    "@altv/types-shared": {
      "version": "1.0.1",
      "resolved": "https://registry.npmjs.org/@altv/types-shared/-/types-shared-1.0.1.tgz",
      "integrity": "sha512-Icq6F0pTqqRa3yT+shytwDo2Oz5Bgo6KbfmiyPZgxbX4oGkwx8lyF/78qNYrIWi356pWmDsNnQTuTrRh4v9szA=="
    },
    "@xshady/altv-decorators-shared": {
      "version": "0.0.1",
      "resolved": "https://registry.npmjs.org/@xshady/altv-decorators-shared/-/altv-decorators-shared-0.0.1.tgz",
      "integrity": "sha512-nd4FvGpSOo2u3nam0omhDH/rqJQsqy86p01jxN1/RU2+23ibY1QghxG6Jw3ptF/6k2HH4YpyChhD4aGyvBiAVQ==",
      "requires": {
        "@altv/types-shared": "^1.0.1",
        "reflect-metadata": "^0.1.13"
      },
      "dependencies": {
        "@altv/types-shared": {
          "version": "1.0.1",
          "resolved": "https://registry.npmjs.org/@altv/types-shared/-/types-shared-1.0.1.tgz",
          "integrity": "sha512-Icq6F0pTqqRa3yT+shytwDo2Oz5Bgo6KbfmiyPZgxbX4oGkwx8lyF/78qNYrIWi356pWmDsNnQTuTrRh4v9szA=="
        },
        "reflect-metadata": {
          "version": "0.1.13",
          "resolved": "https://registry.npmjs.org/reflect-metadata/-/reflect-metadata-0.1.13.tgz",
          "integrity": "sha512-Ts1Y/anZELhSsjMcU605fU9RE4Oi3p5ORujwbIKXfWa+0Zxs510Qrmrce5/Jowq3cHSZSJqBjypxmHarc+vEWg=="
        }
      }
    },
    "reflect-metadata": {
      "version": "0.1.13",
      "resolved": "https://registry.npmjs.org/reflect-metadata/-/reflect-metadata-0.1.13.tgz",
      "integrity": "sha512-Ts1Y/anZELhSsjMcU605fU9RE4Oi3p5ORujwbIKXfWa+0Zxs510Qrmrce5/Jowq3cHSZSJqBjypxmHarc+vEWg=="
    }
  }
}
