{
  "name": "altv-decorators",
  "version": "0.0.1",
  "lockfileVersion": 1,
  "requires": true,
  "dependencies": {
    "@altv/types-client": {
      "version": "1.7.5",
      "resolved": "https://registry.npmjs.org/@altv/types-client/-/types-client-1.7.5.tgz",
      "integrity": "sha512-Pa+09Hr7Urhw/5VbzbEpLJdN1Sp3ct4EP9oXWFCmlOPEoEmMA2T3TIBwCMsxxfWSG/th6BblFBAbgzwA3RW2YA=="
    },
    "@altv/types-server": {
      "version": "1.9.5",
      "resolved": "https://registry.npmjs.org/@altv/types-server/-/types-server-1.9.5.tgz",
      "integrity": "sha512-NZp5SPY7UOVmP+duSg/pE6Zot0/uuGiKTPPpmpaw9eyLG7ANALlSGDi65RgV7ix3at4Uh00mp8cVJvamObwdwA=="
    },
    "@altv/types-shared": {
      "version": "1.0.1",
      "resolved": "https://registry.npmjs.org/@altv/types-shared/-/types-shared-1.0.1.tgz",
      "integrity": "sha512-Icq6F0pTqqRa3yT+shytwDo2Oz5Bgo6KbfmiyPZgxbX4oGkwx8lyF/78qNYrIWi356pWmDsNnQTuTrRh4v9szA=="
    },
    "reflect-metadata": {
      "version": "0.1.13",
      "resolved": "https://registry.npmjs.org/reflect-metadata/-/reflect-metadata-0.1.13.tgz",
      "integrity": "sha512-Ts1Y/anZELhSsjMcU605fU9RE4Oi3p5ORujwbIKXfWa+0Zxs510Qrmrce5/Jowq3cHSZSJqBjypxmHarc+vEWg=="
    }
  }
}
