{
  "name": "@xshady/altv-decorators-server",
  "version": "0.0.1",
  "lockfileVersion": 1,
  "requires": true,
  "dependencies": {
    "@altv/types-server": {
      "version": "1.9.5",
      "resolved": "https://registry.npmjs.org/@altv/types-server/-/types-server-1.9.5.tgz",
      "integrity": "sha512-NZp5SPY7UOVmP+duSg/pE6Zot0/uuGiKTPPpmpaw9eyLG7ANALlSGDi65RgV7ix3at4Uh00mp8cVJvamObwdwA=="
    },
    "@altv/types-shared": {
      "version": "1.0.1",
      "resolved": "https://registry.npmjs.org/@altv/types-shared/-/types-shared-1.0.1.tgz",
      "integrity": "sha512-Icq6F0pTqqRa3yT+shytwDo2Oz5Bgo6KbfmiyPZgxbX4oGkwx8lyF/78qNYrIWi356pWmDsNnQTuTrRh4v9szA=="
    },
    "@xshady/altv-decorators-shared": {
      "version": "0.0.1",
      "resolved": "https://registry.npmjs.org/@xshady/altv-decorators-shared/-/altv-decorators-shared-0.0.1.tgz",
      "integrity": "sha512-nd4FvGpSOo2u3nam0omhDH/rqJQsqy86p01jxN1/RU2+23ibY1QghxG6Jw3ptF/6k2HH4YpyChhD4aGyvBiAVQ==",
      "requires": {
        "@altv/types-shared": "^1.0.1",
        "reflect-metadata": "^0.1.13"
      },
      "dependencies": {
        "reflect-metadata": {
          "version": "0.1.13",
          "resolved": "https://registry.npmjs.org/reflect-metadata/-/reflect-metadata-0.1.13.tgz",
          "integrity": "sha512-Ts1Y/anZELhSsjMcU605fU9RE4Oi3p5ORujwbIKXfWa+0Zxs510Qrmrce5/Jowq3cHSZSJqBjypxmHarc+vEWg=="
        }
      }
    }
  }
}
