{
  "name": "@altv-decorators/shared",
  "version": "0.0.1",
  "lockfileVersion": 1,
  "requires": true,
  "dependencies": {
    "@altv/types-shared": {
      "version": "1.0.1",
      "resolved": "https://registry.npmjs.org/@altv/types-shared/-/types-shared-1.0.1.tgz",
      "integrity": "sha512-Icq6F0pTqqRa3yT+shytwDo2Oz5Bgo6KbfmiyPZgxbX4oGkwx8lyF/78qNYrIWi356pWmDsNnQTuTrRh4v9szA=="
    },
    "reflect-metadata": {
      "version": "0.1.13",
      "resolved": "https://registry.npmjs.org/reflect-metadata/-/reflect-metadata-0.1.13.tgz",
      "integrity": "sha512-Ts1Y/anZELhSsjMcU605fU9RE4Oi3p5ORujwbIKXfWa+0Zxs510Qrmrce5/Jowq3cHSZSJqBjypxmHarc+vEWg=="
    }
  }
}
